
Microsoft Visual Studio Solution File, Format Version 12.00
# Visual Studio Version 16
VisualStudioVersion = 16.0.31004.235
MinimumVisualStudioVersion = 10.0.40219.1
Project("{9A19103F-16F7-4668-BE54-9A1E7A4F7556}") = "NoName.AdofaiLevelIO", "NoName.AdofaiLevelIO\NoName.AdofaiLevelIO.csproj", "{051EA50E-9369-4158-AADA-DCFB3CA07255}"
EndProject
Project("{9A19103F-16F7-4668-BE54-9A1E7A4F7556}") = "IOTest", "IOTest\IOTest.csproj", "{A6720088-3D85-436C-8DCB-2F34F9E4F477}"
EndProject
Project("{FAE04EC0-301F-11D3-BF4B-00C04F79EFBC}") = "AdofaiBpmHelper", "AdofaiBpmHelper\AdofaiBpmHelper.csproj", "{89645DB9-0A87-4FB5-A152-B6AA8FEF1722}"
EndProject
Global
	GlobalSection(SolutionConfigurationPlatforms) = preSolution
		Debug|Any CPU = Debug|Any CPU
		Release|Any CPU = Release|Any CPU
	EndGlobalSection
	GlobalSection(ProjectConfigurationPlatforms) = postSolution
		{051EA50E-9369-4158-AADA-DCFB3CA07255}.Debug|Any CPU.ActiveCfg = Debug|Any CPU
		{051EA50E-9369-4158-AADA-DCFB3CA07255}.Debug|Any CPU.Build.0 = Debug|Any CPU
		{051EA50E-9369-4158-AADA-DCFB3CA07255}.Release|Any CPU.ActiveCfg = Release|Any CPU
		{051EA50E-9369-4158-AADA-DCFB3CA07255}.Release|Any CPU.Build.0 = Release|Any CPU
		{A6720088-3D85-436C-8DCB-2F34F9E4F477}.Debug|Any CPU.ActiveCfg = Debug|Any CPU
		{A6720088-3D85-436C-8DCB-2F34F9E4F477}.Debug|Any CPU.Build.0 = Debug|Any CPU
		{A6720088-3D85-436C-8DCB-2F34F9E4F477}.Release|Any CPU.ActiveCfg = Release|Any CPU
		{A6720088-3D85-436C-8DCB-2F34F9E4F477}.Release|Any CPU.Build.0 = Release|Any CPU
		{89645DB9-0A87-4FB5-A152-B6AA8FEF1722}.Debug|Any CPU.ActiveCfg = Debug|Any CPU
		{89645DB9-0A87-4FB5-A152-B6AA8FEF1722}.Debug|Any CPU.Build.0 = Debug|Any CPU
		{89645DB9-0A87-4FB5-A152-B6AA8FEF1722}.Release|Any CPU.ActiveCfg = Release|Any CPU
		{89645DB9-0A87-4FB5-A152-B6AA8FEF1722}.Release|Any CPU.Build.0 = Release|Any CPU
	EndGlobalSection
	GlobalSection(SolutionProperties) = preSolution
		HideSolutionNode = FALSE
	EndGlobalSection
	GlobalSection(ExtensibilityGlobals) = postSolution
		SolutionGuid = {143EBD61-354B-4581-8BB5-2593223DF8F9}
	EndGlobalSection
EndGlobal
